
Microsoft Visual Studio Solution File, Format Version 12.00
# Visual Studio Version 17
VisualStudioVersion = 17.4.33213.308
MinimumVisualStudioVersion = 10.0.40219.1
Project("{FAE04EC0-301F-11D3-BF4B-00C04F79EFBC}") = "Hf 2023.05.24.", "..\Hf 2023.05.24\Hf 2023.05.24\Hf 2023.05.24..csproj", "{4CB83DF0-1FF0-43AA-8741-2E154CDEFBAA}"
EndProject
Global
	GlobalSection(SolutionConfigurationPlatforms) = preSolution
		Debug|Any CPU = Debug|Any CPU
		Release|Any CPU = Release|Any CPU
	EndGlobalSection
	GlobalSection(ProjectConfigurationPlatforms) = postSolution
		{4CB83DF0-1FF0-43AA-8741-2E154CDEFBAA}.Debug|Any CPU.ActiveCfg = Debug|Any CPU
		{4CB83DF0-1FF0-43AA-8741-2E154CDEFBAA}.Debug|Any CPU.Build.0 = Debug|Any CPU
		{4CB83DF0-1FF0-43AA-8741-2E154CDEFBAA}.Release|Any CPU.ActiveCfg = Release|Any CPU
		{4CB83DF0-1FF0-43AA-8741-2E154CDEFBAA}.Release|Any CPU.Build.0 = Release|Any CPU
	EndGlobalSection
	GlobalSection(SolutionProperties) = preSolution
		HideSolutionNode = FALSE
	EndGlobalSection
	GlobalSection(ExtensibilityGlobals) = postSolution
		SolutionGuid = {49D7FA3D-F2FC-4A5B-8A9B-C7CB139B339F}
	EndGlobalSection
EndGlobal
